
Microsoft Visual Studio Solution File, Format Version 12.00
# Visual Studio 15
VisualStudioVersion = 15.0.27703.2035
MinimumVisualStudioVersion = 10.0.40219.1
Project("{9A19103F-16F7-4668-BE54-9A1E7A4F7556}") = "Topshelf.StartParameters", "Topshelf.StartParameters\Topshelf.StartParameters.csproj", "{AD8774F4-4F10-4F72-A681-ECBE9CC8AB00}"
EndProject
Project("{9A19103F-16F7-4668-BE54-9A1E7A4F7556}") = "Topshelf.StartParameters.Dummy", "Topshelf.StartParameters.Dummy\Topshelf.StartParameters.Dummy.csproj", "{A86AC65F-99F4-4EC4-B78F-2D8A81D3B3CF}"
EndProject
Project("{9A19103F-16F7-4668-BE54-9A1E7A4F7556}") = "Topshelf.StartParamters.Test", "Topshelf.StartParamters.Test\Topshelf.StartParamters.Test.csproj", "{8FB53D5F-6416-44AF-A1C0-D58D26132F33}"
	ProjectSection(ProjectDependencies) = postProject
		{A86AC65F-99F4-4EC4-B78F-2D8A81D3B3CF} = {A86AC65F-99F4-4EC4-B78F-2D8A81D3B3CF}
	EndProjectSection
EndProject
Global
	GlobalSection(SolutionConfigurationPlatforms) = preSolution
		Debug|Any CPU = Debug|Any CPU
		Release|Any CPU = Release|Any CPU
	EndGlobalSection
	GlobalSection(ProjectConfigurationPlatforms) = postSolution
		{AD8774F4-4F10-4F72-A681-ECBE9CC8AB00}.Debug|Any CPU.ActiveCfg = Debug|Any CPU
		{AD8774F4-4F10-4F72-A681-ECBE9CC8AB00}.Debug|Any CPU.Build.0 = Debug|Any CPU
		{AD8774F4-4F10-4F72-A681-ECBE9CC8AB00}.Release|Any CPU.ActiveCfg = Release|Any CPU
		{AD8774F4-4F10-4F72-A681-ECBE9CC8AB00}.Release|Any CPU.Build.0 = Release|Any CPU
		{A86AC65F-99F4-4EC4-B78F-2D8A81D3B3CF}.Debug|Any CPU.ActiveCfg = Debug|Any CPU
		{A86AC65F-99F4-4EC4-B78F-2D8A81D3B3CF}.Debug|Any CPU.Build.0 = Debug|Any CPU
		{A86AC65F-99F4-4EC4-B78F-2D8A81D3B3CF}.Release|Any CPU.ActiveCfg = Release|Any CPU
		{A86AC65F-99F4-4EC4-B78F-2D8A81D3B3CF}.Release|Any CPU.Build.0 = Release|Any CPU
		{8FB53D5F-6416-44AF-A1C0-D58D26132F33}.Debug|Any CPU.ActiveCfg = Debug|Any CPU
		{8FB53D5F-6416-44AF-A1C0-D58D26132F33}.Debug|Any CPU.Build.0 = Debug|Any CPU
		{8FB53D5F-6416-44AF-A1C0-D58D26132F33}.Release|Any CPU.ActiveCfg = Release|Any CPU
		{8FB53D5F-6416-44AF-A1C0-D58D26132F33}.Release|Any CPU.Build.0 = Release|Any CPU
	EndGlobalSection
	GlobalSection(SolutionProperties) = preSolution
		HideSolutionNode = FALSE
	EndGlobalSection
	GlobalSection(ExtensibilityGlobals) = postSolution
		SolutionGuid = {EB688CAD-AD4A-4933-9477-61F29C617F86}
	EndGlobalSection
EndGlobal
